{
  "name": "@doop/service-git",
  "version": "1.0.0",
  "lockfileVersion": 2,
  "requires": true,
  "packages": {
    "": {
      "name": "@doop/service-git",
      "version": "1.0.0",
      "license": "MIT",
      "dependencies": {
        "@momsfriendlydevco/exec": "^1.5.8",
        "child_process": "^1.0.2",
        "fs": "^0.0.1-security",
        "hashed-release-name": "^1.0.1",
        "lodash": "^4.17.21"
      }
    },
    "node_modules/@momsfriendlydevco/exec": {
      "version": "1.5.8",
      "resolved": "https://registry.npmjs.org/@momsfriendlydevco/exec/-/exec-1.5.8.tgz",
      "integrity": "sha512-+Nuh3+h4JHJdGcKBd3AKiuT7ObL42+d/OwQMqtfy0UfF43Rz5BTlfd/hlsmPFNgSV6TxvHoGkwR964SP3MRqdg==",
      "dependencies": {
        "debug": "^4.3.2",
        "spawn-args": "^0.2.0"
      },
      "engines": {
        "node": ">=14.15.0"
      }
    },
    "node_modules/child_process": {
      "version": "1.0.2",
      "resolved": "https://registry.npmjs.org/child_process/-/child_process-1.0.2.tgz",
      "integrity": "sha1-sffn/HPSXn/R1FWtyU4UODAYK1o="
    },
    "node_modules/debug": {
      "version": "4.3.3",
      "resolved": "https://registry.npmjs.org/debug/-/debug-4.3.3.tgz",
      "integrity": "sha512-/zxw5+vh1Tfv+4Qn7a5nsbcJKPaSvCDhojn6FEl9vupwK2VCSDtEiEtqr8DFtzYFOdz63LBkxec7DYuc2jon6Q==",
      "dependencies": {
        "ms": "2.1.2"
      },
      "engines": {
        "node": ">=6.0"
      },
      "peerDependenciesMeta": {
        "supports-color": {
          "optional": true
        }
      }
    },
    "node_modules/fs": {
      "version": "0.0.1-security",
      "resolved": "https://registry.npmjs.org/fs/-/fs-0.0.1-security.tgz",
      "integrity": "sha1-invTcYa23d84E/I4WLV+yq9eQdQ="
    },
    "node_modules/hashed-release-name": {
      "version": "1.0.1",
      "resolved": "https://registry.npmjs.org/hashed-release-name/-/hashed-release-name-1.0.1.tgz",
      "integrity": "sha512-TbAhpb51fiEpEGkoj4NoTdEbrLqaw7ZdfrFBH/OIMgqdYWcEJ+MVNePWzltvuS7pSQTjYf6ls/zqFXqk+4H6Mw==",
      "dependencies": {
        "lodash": "^4.17.5",
        "seed-random": "^2.2.0"
      },
      "engines": {
        "node": ">8.0.0"
      }
    },
    "node_modules/lodash": {
      "version": "4.17.21",
      "resolved": "https://registry.npmjs.org/lodash/-/lodash-4.17.21.tgz",
      "integrity": "sha512-v2kDEe57lecTulaDIuNTPy3Ry4gLGJ6Z1O3vE1krgXZNrsQ+LFTGHVxVjcXPs17LhbZVGedAJv8XZ1tvj5FvSg=="
    },
    "node_modules/ms": {
      "version": "2.1.2",
      "resolved": "https://registry.npmjs.org/ms/-/ms-2.1.2.tgz",
      "integrity": "sha512-sGkPx+VjMtmA6MX27oA4FBFELFCZZ4S4XqeGOXCv68tT+jb3vk/RyaKWP0PTKyWtmLSM0b+adUTEvbs1PEaH2w=="
    },
    "node_modules/seed-random": {
      "version": "2.2.0",
      "resolved": "https://registry.npmjs.org/seed-random/-/seed-random-2.2.0.tgz",
      "integrity": "sha1-KpsZ4lCoFwmSMaW5mk2vgLf77VQ="
    },
    "node_modules/spawn-args": {
      "version": "0.2.0",
      "resolved": "https://registry.npmjs.org/spawn-args/-/spawn-args-0.2.0.tgz",
      "integrity": "sha1-+30L0dcP1DFr2ePew4nmX51jYbs="
    }
  },
  "dependencies": {
    "@momsfriendlydevco/exec": {
      "version": "1.5.8",
      "resolved": "https://registry.npmjs.org/@momsfriendlydevco/exec/-/exec-1.5.8.tgz",
      "integrity": "sha512-+Nuh3+h4JHJdGcKBd3AKiuT7ObL42+d/OwQMqtfy0UfF43Rz5BTlfd/hlsmPFNgSV6TxvHoGkwR964SP3MRqdg==",
      "requires": {
        "debug": "^4.3.2",
        "spawn-args": "^0.2.0"
      }
    },
    "child_process": {
      "version": "1.0.2",
      "resolved": "https://registry.npmjs.org/child_process/-/child_process-1.0.2.tgz",
      "integrity": "sha1-sffn/HPSXn/R1FWtyU4UODAYK1o="
    },
    "debug": {
      "version": "4.3.3",
      "resolved": "https://registry.npmjs.org/debug/-/debug-4.3.3.tgz",
      "integrity": "sha512-/zxw5+vh1Tfv+4Qn7a5nsbcJKPaSvCDhojn6FEl9vupwK2VCSDtEiEtqr8DFtzYFOdz63LBkxec7DYuc2jon6Q==",
      "requires": {
        "ms": "2.1.2"
      }
    },
    "fs": {
      "version": "0.0.1-security",
      "resolved": "https://registry.npmjs.org/fs/-/fs-0.0.1-security.tgz",
      "integrity": "sha1-invTcYa23d84E/I4WLV+yq9eQdQ="
    },
    "hashed-release-name": {
      "version": "1.0.1",
      "resolved": "https://registry.npmjs.org/hashed-release-name/-/hashed-release-name-1.0.1.tgz",
      "integrity": "sha512-TbAhpb51fiEpEGkoj4NoTdEbrLqaw7ZdfrFBH/OIMgqdYWcEJ+MVNePWzltvuS7pSQTjYf6ls/zqFXqk+4H6Mw==",
      "requires": {
        "lodash": "^4.17.5",
        "seed-random": "^2.2.0"
      }
    },
    "lodash": {
      "version": "4.17.21",
      "resolved": "https://registry.npmjs.org/lodash/-/lodash-4.17.21.tgz",
      "integrity": "sha512-v2kDEe57lecTulaDIuNTPy3Ry4gLGJ6Z1O3vE1krgXZNrsQ+LFTGHVxVjcXPs17LhbZVGedAJv8XZ1tvj5FvSg=="
    },
    "ms": {
      "version": "2.1.2",
      "resolved": "https://registry.npmjs.org/ms/-/ms-2.1.2.tgz",
      "integrity": "sha512-sGkPx+VjMtmA6MX27oA4FBFELFCZZ4S4XqeGOXCv68tT+jb3vk/RyaKWP0PTKyWtmLSM0b+adUTEvbs1PEaH2w=="
    },
    "seed-random": {
      "version": "2.2.0",
      "resolved": "https://registry.npmjs.org/seed-random/-/seed-random-2.2.0.tgz",
      "integrity": "sha1-KpsZ4lCoFwmSMaW5mk2vgLf77VQ="
    },
    "spawn-args": {
      "version": "0.2.0",
      "resolved": "https://registry.npmjs.org/spawn-args/-/spawn-args-0.2.0.tgz",
      "integrity": "sha1-+30L0dcP1DFr2ePew4nmX51jYbs="
    }
  }
}
